
Microsoft Visual Studio Solution File, Format Version 12.00
# Visual Studio 15
VisualStudioVersion = 15.0.26124.0
MinimumVisualStudioVersion = 15.0.26124.0
Project("{FAE04EC0-301F-11D3-BF4B-00C04F79EFBC}") = "Bridge.Codemasters", "Bridge.Codemasters\Bridge.Codemasters.csproj", "{440C308C-016F-4B1D-AAE7-9FE1B051C27E}"
EndProject
Project("{FAE04EC0-301F-11D3-BF4B-00C04F79EFBC}") = "Bridge.Console", "Bridge.Console\Bridge.Console.csproj", "{EBF08AAB-48E3-4E40-92F7-9E0FB9F396C3}"
EndProject
Project("{FAE04EC0-301F-11D3-BF4B-00C04F79EFBC}") = "Bridge.Udp", "Bridge.Udp\Bridge.Udp.csproj", "{D6AFD5AC-4E00-4669-B7A7-985DA87955BE}"
EndProject
Project("{FAE04EC0-301F-11D3-BF4B-00C04F79EFBC}") = "Bridge.File", "Bridge.File\Bridge.File.csproj", "{357B212F-4305-4C03-AA20-86B76101BFBF}"
EndProject
Project("{FAE04EC0-301F-11D3-BF4B-00C04F79EFBC}") = "Bridge.Readers", "Bridge.Readers\Bridge.Readers.csproj", "{776F3BBE-384C-48DC-ABD3-A2B9C67FCBEE}"
EndProject
Project("{FAE04EC0-301F-11D3-BF4B-00C04F79EFBC}") = "Bridge.Codemasters.Tests", "Bridge.Codemasters.Tests\Bridge.Codemasters.Tests.csproj", "{49C27533-1328-4E31-A23A-2209F6B7C7E0}"
EndProject
Project("{FAE04EC0-301F-11D3-BF4B-00C04F79EFBC}") = "Bridge.File.Tests", "Bridge.File.Tests\Bridge.File.Tests.csproj", "{57B5F70E-A425-4BE5-978F-AF09F11DC4F8}"
EndProject
Project("{FAE04EC0-301F-11D3-BF4B-00C04F79EFBC}") = "Bridge.Recorder", "Bridge.Recorder\Bridge.Recorder.csproj", "{CD0381B0-6160-4732-AA66-D9694FA2A511}"
EndProject
Project("{FAE04EC0-301F-11D3-BF4B-00C04F79EFBC}") = "Bridge.Codemasters.Quix", "Bridge.Codemasters.Quix\Bridge.Codemasters.Quix.csproj", "{E32E689F-B501-482C-A318-0B3870CDDE6A}"
EndProject
Global
	GlobalSection(SolutionConfigurationPlatforms) = preSolution
		Debug|Any CPU = Debug|Any CPU
		Debug|x64 = Debug|x64
		Debug|x86 = Debug|x86
		Release|Any CPU = Release|Any CPU
		Release|x64 = Release|x64
		Release|x86 = Release|x86
	EndGlobalSection
	GlobalSection(SolutionProperties) = preSolution
		HideSolutionNode = FALSE
	EndGlobalSection
	GlobalSection(ProjectConfigurationPlatforms) = postSolution
		{440C308C-016F-4B1D-AAE7-9FE1B051C27E}.Debug|Any CPU.ActiveCfg = Debug|Any CPU
		{440C308C-016F-4B1D-AAE7-9FE1B051C27E}.Debug|Any CPU.Build.0 = Debug|Any CPU
		{440C308C-016F-4B1D-AAE7-9FE1B051C27E}.Debug|x64.ActiveCfg = Debug|Any CPU
		{440C308C-016F-4B1D-AAE7-9FE1B051C27E}.Debug|x64.Build.0 = Debug|Any CPU
		{440C308C-016F-4B1D-AAE7-9FE1B051C27E}.Debug|x86.ActiveCfg = Debug|Any CPU
		{440C308C-016F-4B1D-AAE7-9FE1B051C27E}.Debug|x86.Build.0 = Debug|Any CPU
		{440C308C-016F-4B1D-AAE7-9FE1B051C27E}.Release|Any CPU.ActiveCfg = Release|Any CPU
		{440C308C-016F-4B1D-AAE7-9FE1B051C27E}.Release|Any CPU.Build.0 = Release|Any CPU
		{440C308C-016F-4B1D-AAE7-9FE1B051C27E}.Release|x64.ActiveCfg = Release|Any CPU
		{440C308C-016F-4B1D-AAE7-9FE1B051C27E}.Release|x64.Build.0 = Release|Any CPU
		{440C308C-016F-4B1D-AAE7-9FE1B051C27E}.Release|x86.ActiveCfg = Release|Any CPU
		{440C308C-016F-4B1D-AAE7-9FE1B051C27E}.Release|x86.Build.0 = Release|Any CPU
		{EBF08AAB-48E3-4E40-92F7-9E0FB9F396C3}.Debug|Any CPU.ActiveCfg = Debug|Any CPU
		{EBF08AAB-48E3-4E40-92F7-9E0FB9F396C3}.Debug|Any CPU.Build.0 = Debug|Any CPU
		{EBF08AAB-48E3-4E40-92F7-9E0FB9F396C3}.Debug|x64.ActiveCfg = Debug|Any CPU
		{EBF08AAB-48E3-4E40-92F7-9E0FB9F396C3}.Debug|x64.Build.0 = Debug|Any CPU
		{EBF08AAB-48E3-4E40-92F7-9E0FB9F396C3}.Debug|x86.ActiveCfg = Debug|Any CPU
		{EBF08AAB-48E3-4E40-92F7-9E0FB9F396C3}.Debug|x86.Build.0 = Debug|Any CPU
		{EBF08AAB-48E3-4E40-92F7-9E0FB9F396C3}.Release|Any CPU.ActiveCfg = Release|Any CPU
		{EBF08AAB-48E3-4E40-92F7-9E0FB9F396C3}.Release|Any CPU.Build.0 = Release|Any CPU
		{EBF08AAB-48E3-4E40-92F7-9E0FB9F396C3}.Release|x64.ActiveCfg = Release|Any CPU
		{EBF08AAB-48E3-4E40-92F7-9E0FB9F396C3}.Release|x64.Build.0 = Release|Any CPU
		{EBF08AAB-48E3-4E40-92F7-9E0FB9F396C3}.Release|x86.ActiveCfg = Release|Any CPU
		{EBF08AAB-48E3-4E40-92F7-9E0FB9F396C3}.Release|x86.Build.0 = Release|Any CPU
		{D6AFD5AC-4E00-4669-B7A7-985DA87955BE}.Debug|Any CPU.ActiveCfg = Debug|Any CPU
		{D6AFD5AC-4E00-4669-B7A7-985DA87955BE}.Debug|Any CPU.Build.0 = Debug|Any CPU
		{D6AFD5AC-4E00-4669-B7A7-985DA87955BE}.Debug|x64.ActiveCfg = Debug|Any CPU
		{D6AFD5AC-4E00-4669-B7A7-985DA87955BE}.Debug|x64.Build.0 = Debug|Any CPU
		{D6AFD5AC-4E00-4669-B7A7-985DA87955BE}.Debug|x86.ActiveCfg = Debug|Any CPU
		{D6AFD5AC-4E00-4669-B7A7-985DA87955BE}.Debug|x86.Build.0 = Debug|Any CPU
		{D6AFD5AC-4E00-4669-B7A7-985DA87955BE}.Release|Any CPU.ActiveCfg = Release|Any CPU
		{D6AFD5AC-4E00-4669-B7A7-985DA87955BE}.Release|Any CPU.Build.0 = Release|Any CPU
		{D6AFD5AC-4E00-4669-B7A7-985DA87955BE}.Release|x64.ActiveCfg = Release|Any CPU
		{D6AFD5AC-4E00-4669-B7A7-985DA87955BE}.Release|x64.Build.0 = Release|Any CPU
		{D6AFD5AC-4E00-4669-B7A7-985DA87955BE}.Release|x86.ActiveCfg = Release|Any CPU
		{D6AFD5AC-4E00-4669-B7A7-985DA87955BE}.Release|x86.Build.0 = Release|Any CPU
		{357B212F-4305-4C03-AA20-86B76101BFBF}.Debug|Any CPU.ActiveCfg = Debug|Any CPU
		{357B212F-4305-4C03-AA20-86B76101BFBF}.Debug|Any CPU.Build.0 = Debug|Any CPU
		{357B212F-4305-4C03-AA20-86B76101BFBF}.Debug|x64.ActiveCfg = Debug|Any CPU
		{357B212F-4305-4C03-AA20-86B76101BFBF}.Debug|x64.Build.0 = Debug|Any CPU
		{357B212F-4305-4C03-AA20-86B76101BFBF}.Debug|x86.ActiveCfg = Debug|Any CPU
		{357B212F-4305-4C03-AA20-86B76101BFBF}.Debug|x86.Build.0 = Debug|Any CPU
		{357B212F-4305-4C03-AA20-86B76101BFBF}.Release|Any CPU.ActiveCfg = Release|Any CPU
		{357B212F-4305-4C03-AA20-86B76101BFBF}.Release|Any CPU.Build.0 = Release|Any CPU
		{357B212F-4305-4C03-AA20-86B76101BFBF}.Release|x64.ActiveCfg = Release|Any CPU
		{357B212F-4305-4C03-AA20-86B76101BFBF}.Release|x64.Build.0 = Release|Any CPU
		{357B212F-4305-4C03-AA20-86B76101BFBF}.Release|x86.ActiveCfg = Release|Any CPU
		{357B212F-4305-4C03-AA20-86B76101BFBF}.Release|x86.Build.0 = Release|Any CPU
		{776F3BBE-384C-48DC-ABD3-A2B9C67FCBEE}.Debug|Any CPU.ActiveCfg = Debug|Any CPU
		{776F3BBE-384C-48DC-ABD3-A2B9C67FCBEE}.Debug|Any CPU.Build.0 = Debug|Any CPU
		{776F3BBE-384C-48DC-ABD3-A2B9C67FCBEE}.Debug|x64.ActiveCfg = Debug|Any CPU
		{776F3BBE-384C-48DC-ABD3-A2B9C67FCBEE}.Debug|x64.Build.0 = Debug|Any CPU
		{776F3BBE-384C-48DC-ABD3-A2B9C67FCBEE}.Debug|x86.ActiveCfg = Debug|Any CPU
		{776F3BBE-384C-48DC-ABD3-A2B9C67FCBEE}.Debug|x86.Build.0 = Debug|Any CPU
		{776F3BBE-384C-48DC-ABD3-A2B9C67FCBEE}.Release|Any CPU.ActiveCfg = Release|Any CPU
		{776F3BBE-384C-48DC-ABD3-A2B9C67FCBEE}.Release|Any CPU.Build.0 = Release|Any CPU
		{776F3BBE-384C-48DC-ABD3-A2B9C67FCBEE}.Release|x64.ActiveCfg = Release|Any CPU
		{776F3BBE-384C-48DC-ABD3-A2B9C67FCBEE}.Release|x64.Build.0 = Release|Any CPU
		{776F3BBE-384C-48DC-ABD3-A2B9C67FCBEE}.Release|x86.ActiveCfg = Release|Any CPU
		{776F3BBE-384C-48DC-ABD3-A2B9C67FCBEE}.Release|x86.Build.0 = Release|Any CPU
		{49C27533-1328-4E31-A23A-2209F6B7C7E0}.Debug|Any CPU.ActiveCfg = Debug|Any CPU
		{49C27533-1328-4E31-A23A-2209F6B7C7E0}.Debug|Any CPU.Build.0 = Debug|Any CPU
		{49C27533-1328-4E31-A23A-2209F6B7C7E0}.Debug|x64.ActiveCfg = Debug|Any CPU
		{49C27533-1328-4E31-A23A-2209F6B7C7E0}.Debug|x64.Build.0 = Debug|Any CPU
		{49C27533-1328-4E31-A23A-2209F6B7C7E0}.Debug|x86.ActiveCfg = Debug|Any CPU
		{49C27533-1328-4E31-A23A-2209F6B7C7E0}.Debug|x86.Build.0 = Debug|Any CPU
		{49C27533-1328-4E31-A23A-2209F6B7C7E0}.Release|Any CPU.ActiveCfg = Release|Any CPU
		{49C27533-1328-4E31-A23A-2209F6B7C7E0}.Release|Any CPU.Build.0 = Release|Any CPU
		{49C27533-1328-4E31-A23A-2209F6B7C7E0}.Release|x64.ActiveCfg = Release|Any CPU
		{49C27533-1328-4E31-A23A-2209F6B7C7E0}.Release|x64.Build.0 = Release|Any CPU
		{49C27533-1328-4E31-A23A-2209F6B7C7E0}.Release|x86.ActiveCfg = Release|Any CPU
		{49C27533-1328-4E31-A23A-2209F6B7C7E0}.Release|x86.Build.0 = Release|Any CPU
		{57B5F70E-A425-4BE5-978F-AF09F11DC4F8}.Debug|Any CPU.ActiveCfg = Debug|Any CPU
		{57B5F70E-A425-4BE5-978F-AF09F11DC4F8}.Debug|Any CPU.Build.0 = Debug|Any CPU
		{57B5F70E-A425-4BE5-978F-AF09F11DC4F8}.Debug|x64.ActiveCfg = Debug|Any CPU
		{57B5F70E-A425-4BE5-978F-AF09F11DC4F8}.Debug|x64.Build.0 = Debug|Any CPU
		{57B5F70E-A425-4BE5-978F-AF09F11DC4F8}.Debug|x86.ActiveCfg = Debug|Any CPU
		{57B5F70E-A425-4BE5-978F-AF09F11DC4F8}.Debug|x86.Build.0 = Debug|Any CPU
		{57B5F70E-A425-4BE5-978F-AF09F11DC4F8}.Release|Any CPU.ActiveCfg = Release|Any CPU
		{57B5F70E-A425-4BE5-978F-AF09F11DC4F8}.Release|Any CPU.Build.0 = Release|Any CPU
		{57B5F70E-A425-4BE5-978F-AF09F11DC4F8}.Release|x64.ActiveCfg = Release|Any CPU
		{57B5F70E-A425-4BE5-978F-AF09F11DC4F8}.Release|x64.Build.0 = Release|Any CPU
		{57B5F70E-A425-4BE5-978F-AF09F11DC4F8}.Release|x86.ActiveCfg = Release|Any CPU
		{57B5F70E-A425-4BE5-978F-AF09F11DC4F8}.Release|x86.Build.0 = Release|Any CPU
		{CD0381B0-6160-4732-AA66-D9694FA2A511}.Debug|Any CPU.ActiveCfg = Debug|Any CPU
		{CD0381B0-6160-4732-AA66-D9694FA2A511}.Debug|Any CPU.Build.0 = Debug|Any CPU
		{CD0381B0-6160-4732-AA66-D9694FA2A511}.Debug|x64.ActiveCfg = Debug|Any CPU
		{CD0381B0-6160-4732-AA66-D9694FA2A511}.Debug|x64.Build.0 = Debug|Any CPU
		{CD0381B0-6160-4732-AA66-D9694FA2A511}.Debug|x86.ActiveCfg = Debug|Any CPU
		{CD0381B0-6160-4732-AA66-D9694FA2A511}.Debug|x86.Build.0 = Debug|Any CPU
		{CD0381B0-6160-4732-AA66-D9694FA2A511}.Release|Any CPU.ActiveCfg = Release|Any CPU
		{CD0381B0-6160-4732-AA66-D9694FA2A511}.Release|Any CPU.Build.0 = Release|Any CPU
		{CD0381B0-6160-4732-AA66-D9694FA2A511}.Release|x64.ActiveCfg = Release|Any CPU
		{CD0381B0-6160-4732-AA66-D9694FA2A511}.Release|x64.Build.0 = Release|Any CPU
		{CD0381B0-6160-4732-AA66-D9694FA2A511}.Release|x86.ActiveCfg = Release|Any CPU
		{CD0381B0-6160-4732-AA66-D9694FA2A511}.Release|x86.Build.0 = Release|Any CPU
		{E32E689F-B501-482C-A318-0B3870CDDE6A}.Debug|Any CPU.ActiveCfg = Debug|Any CPU
		{E32E689F-B501-482C-A318-0B3870CDDE6A}.Debug|Any CPU.Build.0 = Debug|Any CPU
		{E32E689F-B501-482C-A318-0B3870CDDE6A}.Debug|x64.ActiveCfg = Debug|Any CPU
		{E32E689F-B501-482C-A318-0B3870CDDE6A}.Debug|x64.Build.0 = Debug|Any CPU
		{E32E689F-B501-482C-A318-0B3870CDDE6A}.Debug|x86.ActiveCfg = Debug|Any CPU
		{E32E689F-B501-482C-A318-0B3870CDDE6A}.Debug|x86.Build.0 = Debug|Any CPU
		{E32E689F-B501-482C-A318-0B3870CDDE6A}.Release|Any CPU.ActiveCfg = Release|Any CPU
		{E32E689F-B501-482C-A318-0B3870CDDE6A}.Release|Any CPU.Build.0 = Release|Any CPU
		{E32E689F-B501-482C-A318-0B3870CDDE6A}.Release|x64.ActiveCfg = Release|Any CPU
		{E32E689F-B501-482C-A318-0B3870CDDE6A}.Release|x64.Build.0 = Release|Any CPU
		{E32E689F-B501-482C-A318-0B3870CDDE6A}.Release|x86.ActiveCfg = Release|Any CPU
		{E32E689F-B501-482C-A318-0B3870CDDE6A}.Release|x86.Build.0 = Release|Any CPU
	EndGlobalSection
EndGlobal
