Microsoft Visual Studio Solution File, Format Version 12.00
# Visual Studio Version 16
VisualStudioVersion = 16.0.31019.35
MinimumVisualStudioVersion = 10.0.40219.1
Project("{9A19103F-16F7-4668-BE54-9A1E7A4F7556}") = "CarDataGenerator", "CarDataGenerator\CarDataGenerator.csproj", "{1088EDDE-7868-4544-B13E-D7E00AF0CB36}"
EndProject
Global
	GlobalSection(SolutionConfigurationPlatforms) = preSolution
		Debug|Any CPU = Debug|Any CPU
		Release|Any CPU = Release|Any CPU
	EndGlobalSection
	GlobalSection(ProjectConfigurationPlatforms) = postSolution
		{1088EDDE-7868-4544-B13E-D7E00AF0CB36}.Debug|Any CPU.ActiveCfg = Debug|Any CPU
		{1088EDDE-7868-4544-B13E-D7E00AF0CB36}.Debug|Any CPU.Build.0 = Debug|Any CPU
		{1088EDDE-7868-4544-B13E-D7E00AF0CB36}.Release|Any CPU.ActiveCfg = Release|Any CPU
		{1088EDDE-7868-4544-B13E-D7E00AF0CB36}.Release|Any CPU.Build.0 = Release|Any CPU
	EndGlobalSection
	GlobalSection(SolutionProperties) = preSolution
		HideSolutionNode = FALSE
	EndGlobalSection
	GlobalSection(ExtensibilityGlobals) = postSolution
		SolutionGuid = {AB59E58A-907D-4DFE-8164-44AF69122C41}
	EndGlobalSection
EndGlobal
