
Microsoft Visual Studio Solution File, Format Version 12.00
# Visual Studio Version 16
VisualStudioVersion = 16.0.29519.87
MinimumVisualStudioVersion = 10.0.40219.1
Project("{9A19103F-16F7-4668-BE54-9A1E7A4F7556}") = "Quix.Redshift.Domain", "Quix.Redshift.Domain\Quix.Redshift.Domain.csproj", "{C5693234-488E-48F8-B86F-50CED1128ABC}"
EndProject
Project("{9A19103F-16F7-4668-BE54-9A1E7A4F7556}") = "Quix.Redshift.Infrastructure", "Quix.Redshift.Infrastructure\Quix.Redshift.Infrastructure.csproj", "{D3BE5C4C-B77C-4238-9817-743CBAE9C6FA}"
EndProject
Project("{FAE04EC0-301F-11D3-BF4B-00C04F79EFBC}") = "Quix.Redshift.Writer", "Quix.Redshift.Writer\Quix.Redshift.Writer.csproj", "{C5DDC502-91D1-477C-B740-589CB23A4BE4}"
EndProject
Project("{FAE04EC0-301F-11D3-BF4B-00C04F79EFBC}") = "Quix.Redshift.Application", "Quix.Redshift.Application\Quix.Redshift.Application.csproj", "{E67009EA-8FA5-4DFE-B8F0-5FCF62134E38}"
EndProject
Global
	GlobalSection(SolutionConfigurationPlatforms) = preSolution
		Debug|Any CPU = Debug|Any CPU
		Release|Any CPU = Release|Any CPU
	EndGlobalSection
	GlobalSection(ProjectConfigurationPlatforms) = postSolution
		{C5693234-488E-48F8-B86F-50CED1128ABC}.Debug|Any CPU.ActiveCfg = Debug|Any CPU
		{C5693234-488E-48F8-B86F-50CED1128ABC}.Debug|Any CPU.Build.0 = Debug|Any CPU
		{C5693234-488E-48F8-B86F-50CED1128ABC}.Release|Any CPU.ActiveCfg = Release|Any CPU
		{C5693234-488E-48F8-B86F-50CED1128ABC}.Release|Any CPU.Build.0 = Release|Any CPU
		{D3BE5C4C-B77C-4238-9817-743CBAE9C6FA}.Debug|Any CPU.ActiveCfg = Debug|Any CPU
		{D3BE5C4C-B77C-4238-9817-743CBAE9C6FA}.Debug|Any CPU.Build.0 = Debug|Any CPU
		{D3BE5C4C-B77C-4238-9817-743CBAE9C6FA}.Release|Any CPU.ActiveCfg = Release|Any CPU
		{D3BE5C4C-B77C-4238-9817-743CBAE9C6FA}.Release|Any CPU.Build.0 = Release|Any CPU
		{C5DDC502-91D1-477C-B740-589CB23A4BE4}.Debug|Any CPU.ActiveCfg = Debug|Any CPU
		{C5DDC502-91D1-477C-B740-589CB23A4BE4}.Debug|Any CPU.Build.0 = Debug|Any CPU
		{C5DDC502-91D1-477C-B740-589CB23A4BE4}.Release|Any CPU.ActiveCfg = Release|Any CPU
		{C5DDC502-91D1-477C-B740-589CB23A4BE4}.Release|Any CPU.Build.0 = Release|Any CPU
		{E67009EA-8FA5-4DFE-B8F0-5FCF62134E38}.Debug|Any CPU.ActiveCfg = Debug|Any CPU
		{E67009EA-8FA5-4DFE-B8F0-5FCF62134E38}.Debug|Any CPU.Build.0 = Debug|Any CPU
		{E67009EA-8FA5-4DFE-B8F0-5FCF62134E38}.Release|Any CPU.ActiveCfg = Release|Any CPU
		{E67009EA-8FA5-4DFE-B8F0-5FCF62134E38}.Release|Any CPU.Build.0 = Release|Any CPU
	EndGlobalSection
	GlobalSection(SolutionProperties) = preSolution
		HideSolutionNode = FALSE
	EndGlobalSection
	GlobalSection(NestedProjects) = preSolution
	EndGlobalSection
	GlobalSection(ExtensibilityGlobals) = postSolution
		SolutionGuid = {E194D472-9782-498F-8A19-9535327FF02D}
	EndGlobalSection
EndGlobal
